Microsoft Visual Studio Solution File, Format Version 12.00
# Visual Studio Version 17
VisualStudioVersion = 17.3.32819.101
MinimumVisualStudioVersion = 10.0.40219.1
Project("{9A19103F-16F7-4668-BE54-9A1E7A4F7556}") = "bmi2023", "bpCalculator\BPCalculator.csproj", "{9505DDA3-C359-4DB0-82E3-5762134515FB}"
EndProject
Project("{9A19103F-16F7-4668-BE54-9A1E7A4F7556}") = "bpUnitTestProject", "testing\UnitTestProj.csproj", "{83A5A32D-2285-4FF5-8EBE-FAC5187E43A5}"
EndProject
Global
	GlobalSection(SolutionConfigurationPlatforms) = preSolution
		Debug|Any CPU = Debug|Any CPU
		Release|Any CPU = Release|Any CPU
	EndGlobalSection
	GlobalSection(ProjectConfigurationPlatforms) = postSolution
		{9505DDA3-C359-4DB0-82E3-5762134515FB}.Debug|Any CPU.ActiveCfg = Debug|Any CPU
		{9505DDA3-C359-4DB0-82E3-5762134515FB}.Debug|Any CPU.Build.0 = Debug|Any CPU
		{9505DDA3-C359-4DB0-82E3-5762134515FB}.Release|Any CPU.ActiveCfg = Release|Any CPU
		{9505DDA3-C359-4DB0-82E3-5762134515FB}.Release|Any CPU.Build.0 = Release|Any CPU
		{83A5A32D-2285-4FF5-8EBE-FAC5187E43A5}.Debug|Any CPU.ActiveCfg = Debug|Any CPU
		{83A5A32D-2285-4FF5-8EBE-FAC5187E43A5}.Debug|Any CPU.Build.0 = Debug|Any CPU
		{83A5A32D-2285-4FF5-8EBE-FAC5187E43A5}.Release|Any CPU.ActiveCfg = Release|Any CPU
		{83A5A32D-2285-4FF5-8EBE-FAC5187E43A5}.Release|Any CPU.Build.0 = Release|Any CPU
	EndGlobalSection
	GlobalSection(SolutionProperties) = preSolution
		HideSolutionNode = FALSE
	EndGlobalSection
	GlobalSection(ExtensibilityGlobals) = postSolution
		SolutionGuid = {C1B966CC-F356-45FD-B49E-F1E0411A5290}
	EndGlobalSection
EndGlobal